// !$*UTF8*$!
{
	archiveVersion = 1;
	classes = {
	};
	objectVersion = 56;
	objects = {

/* Begin PBXBuildFile section */
		98CF1EB72B29E9880049514F /* DestinationSearchView.swift in Sources */ = {isa = PBXBuildFile; fileRef = 98CF1EB62B29E9880049514F /* DestinationSearchView.swift */; };
		98D0AD042B28815E005F2F46 /* AirbnbCloneApp.swift in Sources */ = {isa = PBXBuildFile; fileRef = 98D0AD032B28815E005F2F46 /* AirbnbCloneApp.swift */; };
		98D0AD062B28815E005F2F46 /* ContentView.swift in Sources */ = {isa = PBXBuildFile; fileRef = 98D0AD052B28815E005F2F46 /* ContentView.swift */; };
		98D0AD082B288160005F2F46 /* Assets.xcassets in Resources */ = {isa = PBXBuildFile; fileRef = 98D0AD072B288160005F2F46 /* Assets.xcassets */; };
		98D0AD0B2B288160005F2F46 /* Preview Assets.xcassets in Resources */ = {isa = PBXBuildFile; fileRef = 98D0AD0A2B288160005F2F46 /* Preview Assets.xcassets */; };
		98D0AD1E2B28848A005F2F46 /* ExploreView.swift in Sources */ = {isa = PBXBuildFile; fileRef = 98D0AD1D2B28848A005F2F46 /* ExploreView.swift */; };
		98D0AD202B288680005F2F46 /* ListingItemView.swift in Sources */ = {isa = PBXBuildFile; fileRef = 98D0AD1F2B288680005F2F46 /* ListingItemView.swift */; };
		98D0AD232B28933F005F2F46 /* SearchAndFilterBar.swift in Sources */ = {isa = PBXBuildFile; fileRef = 98D0AD222B28933F005F2F46 /* SearchAndFilterBar.swift */; };
		98D0AD252B289E53005F2F46 /* ListingDetailView.swift in Sources */ = {isa = PBXBuildFile; fileRef = 98D0AD242B289E53005F2F46 /* ListingDetailView.swift */; };
		98D0AD282B289F57005F2F46 /* ListingImageCarouselView.swift in Sources */ = {isa = PBXBuildFile; fileRef = 98D0AD272B289F57005F2F46 /* ListingImageCarouselView.swift */; };
/* End PBXBuildFile section */

/* Begin PBXFileReference section */
		98CF1EB62B29E9880049514F /* DestinationSearchView.swift */ = {isa = PBXFileReference; lastKnownFileType = sourcecode.swift; path = DestinationSearchView.swift; sourceTree = "<group>"; };
		98D0AD002B28815E005F2F46 /* AirbnbClone.app */ = {isa = PBXFileReference; explicitFileType = wrapper.application; includeInIndex = 0; path = AirbnbClone.app; sourceTree = BUILT_PRODUCTS_DIR; };
		98D0AD032B28815E005F2F46 /* AirbnbCloneApp.swift */ = {isa = PBXFileReference; lastKnownFileType = sourcecode.swift; path = AirbnbCloneApp.swift; sourceTree = "<group>"; };
		98D0AD052B28815E005F2F46 /* ContentView.swift */ = {isa = PBXFileReference; lastKnownFileType = sourcecode.swift; path = ContentView.swift; sourceTree = "<group>"; };
		98D0AD072B288160005F2F46 /* Assets.xcassets */ = {isa = PBXFileReference; lastKnownFileType = folder.assetcatalog; path = Assets.xcassets; sourceTree = "<group>"; };
		98D0AD0A2B288160005F2F46 /* Preview Assets.xcassets */ = {isa = PBXFileReference; lastKnownFileType = folder.assetcatalog; path = "Preview Assets.xcassets"; sourceTree = "<group>"; };
		98D0AD1D2B28848A005F2F46 /* ExploreView.swift */ = {isa = PBXFileReference; lastKnownFileType = sourcecode.swift; path = ExploreView.swift; sourceTree = "<group>"; };
		98D0AD1F2B288680005F2F46 /* ListingItemView.swift */ = {isa = PBXFileReference; lastKnownFileType = sourcecode.swift; path = ListingItemView.swift; sourceTree = "<group>"; };
		98D0AD222B28933F005F2F46 /* SearchAndFilterBar.swift */ = {isa = PBXFileReference; lastKnownFileType = sourcecode.swift; path = SearchAndFilterBar.swift; sourceTree = "<group>"; };
		98D0AD242B289E53005F2F46 /* ListingDetailView.swift */ = {isa = PBXFileReference; lastKnownFileType = sourcecode.swift; path = ListingDetailView.swift; sourceTree = "<group>"; };
		98D0AD272B289F57005F2F46 /* ListingImageCarouselView.swift */ = {isa = PBXFileReference; lastKnownFileType = sourcecode.swift; path = ListingImageCarouselView.swift; sourceTree = "<group>"; };
/* End PBXFileReference section */

/* Begin PBXFrameworksBuildPhase section */
		98D0ACFD2B28815E005F2F46 /* Frameworks */ = {
			isa = PBXFrameworksBuildPhase;
			buildActionMask = 2147483647;
			files = (
			);
			runOnlyForDeploymentPostprocessing = 0;
		};
/* End PBXFrameworksBuildPhase section */

/* Begin PBXGroup section */
		98D0ACF72B28815E005F2F46 = {
			isa = PBXGroup;
			children = (
				98D0AD022B28815E005F2F46 /* AirbnbClone */,
				98D0AD012B28815E005F2F46 /* Products */,
			);
			sourceTree = "<group>";
		};
		98D0AD012B28815E005F2F46 /* Products */ = {
			isa = PBXGroup;
			children = (
				98D0AD002B28815E005F2F46 /* AirbnbClone.app */,
			);
			name = Products;
			sourceTree = "<group>";
		};
		98D0AD022B28815E005F2F46 /* AirbnbClone */ = {
			isa = PBXGroup;
			children = (
				98D0AD112B28820B005F2F46 /* App */,
				98D0AD122B288214005F2F46 /* Core */,
				98D0AD132B28821A005F2F46 /* Extensions */,
				98D0AD142B288226005F2F46 /* Models */,
				98D0AD152B28822B005F2F46 /* Utils */,
				98D0AD052B28815E005F2F46 /* ContentView.swift */,
				98D0AD072B288160005F2F46 /* Assets.xcassets */,
				98D0AD092B288160005F2F46 /* Preview Content */,
			);
			path = AirbnbClone;
			sourceTree = "<group>";
		};
		98D0AD092B288160005F2F46 /* Preview Content */ = {
			isa = PBXGroup;
			children = (
				98D0AD0A2B288160005F2F46 /* Preview Assets.xcassets */,
			);
			path = "Preview Content";
			sourceTree = "<group>";
		};
		98D0AD112B28820B005F2F46 /* App */ = {
			isa = PBXGroup;
			children = (
				98D0AD032B28815E005F2F46 /* AirbnbCloneApp.swift */,
			);
			path = App;
			sourceTree = "<group>";
		};
		98D0AD122B288214005F2F46 /* Core */ = {
			isa = PBXGroup;
			children = (
				98D0AD262B289F31005F2F46 /* Components */,
				98D0AD162B2882F3005F2F46 /* Explore */,
				98D0AD172B288302005F2F46 /* Listings */,
				98D0AD182B288311005F2F46 /* MapView */,
				98D0AD192B28831C005F2F46 /* Profile */,
				98D0AD1A2B288323005F2F46 /* Root */,
				98D0AD1B2B288332005F2F46 /* TabBar */,
				98D0AD1C2B28834C005F2F46 /* Wishlists */,
			);
			path = Core;
			sourceTree = "<group>";
		};
		98D0AD132B28821A005F2F46 /* Extensions */ = {
			isa = PBXGroup;
			children = (
			);
			path = Extensions;
			sourceTree = "<group>";
		};
		98D0AD142B288226005F2F46 /* Models */ = {
			isa = PBXGroup;
			children = (
			);
			path = Models;
			sourceTree = "<group>";
		};
		98D0AD152B28822B005F2F46 /* Utils */ = {
			isa = PBXGroup;
			children = (
			);
			path = Utils;
			sourceTree = "<group>";
		};
		98D0AD162B2882F3005F2F46 /* Explore */ = {
			isa = PBXGroup;
			children = (
				98D0AD1D2B28848A005F2F46 /* ExploreView.swift */,
				98D0AD222B28933F005F2F46 /* SearchAndFilterBar.swift */,
				98CF1EB62B29E9880049514F /* DestinationSearchView.swift */,
			);
			path = Explore;
			sourceTree = "<group>";
		};
		98D0AD172B288302005F2F46 /* Listings */ = {
			isa = PBXGroup;
			children = (
				98D0AD1F2B288680005F2F46 /* ListingItemView.swift */,
				98D0AD242B289E53005F2F46 /* ListingDetailView.swift */,
			);
			path = Listings;
			sourceTree = "<group>";
		};
		98D0AD182B288311005F2F46 /* MapView */ = {
			isa = PBXGroup;
			children = (
			);
			path = MapView;
			sourceTree = "<group>";
		};
		98D0AD192B28831C005F2F46 /* Profile */ = {
			isa = PBXGroup;
			children = (
			);
			path = Profile;
			sourceTree = "<group>";
		};
		98D0AD1A2B288323005F2F46 /* Root */ = {
			isa = PBXGroup;
			children = (
			);
			path = Root;
			sourceTree = "<group>";
		};
		98D0AD1B2B288332005F2F46 /* TabBar */ = {
			isa = PBXGroup;
			children = (
			);
			path = TabBar;
			sourceTree = "<group>";
		};
		98D0AD1C2B28834C005F2F46 /* Wishlists */ = {
			isa = PBXGroup;
			children = (
			);
			path = Wishlists;
			sourceTree = "<group>";
		};
		98D0AD262B289F31005F2F46 /* Components */ = {
			isa = PBXGroup;
			children = (
				98D0AD272B289F57005F2F46 /* ListingImageCarouselView.swift */,
			);
			path = Components;
			sourceTree = "<group>";
		};
/* End PBXGroup section */

/* Begin PBXNativeTarget section */
		98D0ACFF2B28815E005F2F46 /* AirbnbClone */ = {
			isa = PBXNativeTarget;
			buildConfigurationList = 98D0AD0E2B288160005F2F46 /* Build configuration list for PBXNativeTarget "AirbnbClone" */;
			buildPhases = (
				98D0ACFC2B28815E005F2F46 /* Sources */,
				98D0ACFD2B28815E005F2F46 /* Frameworks */,
				98D0ACFE2B28815E005F2F46 /* Resources */,
			);
			buildRules = (
			);
			dependencies = (
			);
			name = AirbnbClone;
			productName = AirbnbClone;
			productReference = 98D0AD002B28815E005F2F46 /* AirbnbClone.app */;
			productType = "com.apple.product-type.application";
		};
/* End PBXNativeTarget section */

/* Begin PBXProject section */
		98D0ACF82B28815E005F2F46 /* Project object */ = {
			isa = PBXProject;
			attributes = {
				BuildIndependentTargetsInParallel = 1;
				LastSwiftUpdateCheck = 1500;
				LastUpgradeCheck = 1500;
				TargetAttributes = {
					98D0ACFF2B28815E005F2F46 = {
						CreatedOnToolsVersion = 15.0.1;
					};
				};
			};
			buildConfigurationList = 98D0ACFB2B28815E005F2F46 /* Build configuration list for PBXProject "AirbnbClone" */;
			compatibilityVersion = "Xcode 14.0";
			developmentRegion = en;
			hasScannedForEncodings = 0;
			knownRegions = (
				en,
				Base,
			);
			mainGroup = 98D0ACF72B28815E005F2F46;
			productRefGroup = 98D0AD012B28815E005F2F46 /* Products */;
			projectDirPath = "";
			projectRoot = "";
			targets = (
				98D0ACFF2B28815E005F2F46 /* AirbnbClone */,
			);
		};
/* End PBXProject section */

/* Begin PBXResourcesBuildPhase section */
		98D0ACFE2B28815E005F2F46 /* Resources */ = {
			isa = PBXResourcesBuildPhase;
			buildActionMask = 2147483647;
			files = (
				98D0AD0B2B288160005F2F46 /* Preview Assets.xcassets in Resources */,
				98D0AD082B288160005F2F46 /* Assets.xcassets in Resources */,
			);
			runOnlyForDeploymentPostprocessing = 0;
		};
/* End PBXResourcesBuildPhase section */

/* Begin PBXSourcesBuildPhase section */
		98D0ACFC2B28815E005F2F46 /* Sources */ = {
			isa = PBXSourcesBuildPhase;
			buildActionMask = 2147483647;
			files = (
				98D0AD282B289F57005F2F46 /* ListingImageCarouselView.swift in Sources */,
				98CF1EB72B29E9880049514F /* DestinationSearchView.swift in Sources */,
				98D0AD062B28815E005F2F46 /* ContentView.swift in Sources */,
				98D0AD202B288680005F2F46 /* ListingItemView.swift in Sources */,
				98D0AD1E2B28848A005F2F46 /* ExploreView.swift in Sources */,
				98D0AD232B28933F005F2F46 /* SearchAndFilterBar.swift in Sources */,
				98D0AD252B289E53005F2F46 /* ListingDetailView.swift in Sources */,
				98D0AD042B28815E005F2F46 /* AirbnbCloneApp.swift in Sources */,
			);
			runOnlyForDeploymentPostprocessing = 0;
		};
/* End PBXSourcesBuildPhase section */

/* Begin XCBuildConfiguration section */
		98D0AD0C2B288160005F2F46 /* Debug */ = {
			isa = XCBuildConfiguration;
			buildSettings = {
				ALWAYS_SEARCH_USER_PATHS = NO;
				ASSETCATALOG_COMPILER_GENERATE_SWIFT_ASSET_SYMBOL_EXTENSIONS = YES;
				CLANG_ANALYZER_NONNULL = YES;
				CLANG_ANALYZER_NUMBER_OBJECT_CONVERSION = YES_AGGRESSIVE;
				CLANG_CXX_LANGUAGE_STANDARD = "gnu++20";
				CLANG_ENABLE_MODULES = YES;
				CLANG_ENABLE_OBJC_ARC = YES;
				CLANG_ENABLE_OBJC_WEAK = YES;
				CLANG_WARN_BLOCK_CAPTURE_AUTORELEASING = YES;
				CLANG_WARN_BOOL_CONVERSION = YES;
				CLANG_WARN_COMMA = YES;
				CLANG_WARN_CONSTANT_CONVERSION = YES;
				CLANG_WARN_DEPRECATED_OBJC_IMPLEMENTATIONS = YES;
				CLANG_WARN_DIRECT_OBJC_ISA_USAGE = YES_ERROR;
				CLANG_WARN_DOCUMENTATION_COMMENTS = YES;
				CLANG_WARN_EMPTY_BODY = YES;
				CLANG_WARN_ENUM_CONVERSION = YES;
				CLANG_WARN_INFINITE_RECURSION = YES;
				CLANG_WARN_INT_CONVERSION = YES;
				CLANG_WARN_NON_LITERAL_NULL_CONVERSION = YES;
				CLANG_WARN_OBJC_IMPLICIT_RETAIN_SELF = YES;
				CLANG_WARN_OBJC_LITERAL_CONVERSION = YES;
				CLANG_WARN_OBJC_ROOT_CLASS = YES_ERROR;
				CLANG_WARN_QUOTED_INCLUDE_IN_FRAMEWORK_HEADER = YES;
				CLANG_WARN_RANGE_LOOP_ANALYSIS = YES;
				CLANG_WARN_STRICT_PROTOTYPES = YES;
				CLANG_WARN_SUSPICIOUS_MOVE = YES;
				CLANG_WARN_UNGUARDED_AVAILABILITY = YES_AGGRESSIVE;
				CLANG_WARN_UNREACHABLE_CODE = YES;
				CLANG_WARN__DUPLICATE_METHOD_MATCH = YES;
				COPY_PHASE_STRIP = NO;
				DEBUG_INFORMATION_FORMAT = dwarf;
				ENABLE_STRICT_OBJC_MSGSEND = YES;
				ENABLE_TESTABILITY = YES;
				ENABLE_USER_SCRIPT_SANDBOXING = YES;
				GCC_C_LANGUAGE_STANDARD = gnu17;
				GCC_DYNAMIC_NO_PIC = NO;
				GCC_NO_COMMON_BLOCKS = YES;
				GCC_OPTIMIZATION_LEVEL = 0;
				GCC_PREPROCESSOR_DEFINITIONS = (
					"DEBUG=1",
					"$(inherited)",
				);
				GCC_WARN_64_TO_32_BIT_CONVERSION = YES;
				GCC_WARN_ABOUT_RETURN_TYPE = YES_ERROR;
				GCC_WARN_UNDECLARED_SELECTOR = YES;
				GCC_WARN_UNINITIALIZED_AUTOS = YES_AGGRESSIVE;
				GCC_WARN_UNUSED_FUNCTION = YES;
				GCC_WARN_UNUSED_VARIABLE = YES;
				IPHONEOS_DEPLOYMENT_TARGET = 17.0;
				LOCALIZATION_PREFERS_STRING_CATALOGS = YES;
				MTL_ENABLE_DEBUG_INFO = INCLUDE_SOURCE;
				MTL_FAST_MATH = YES;
				ONLY_ACTIVE_ARCH = YES;
				SDKROOT = iphoneos;
				SWIFT_ACTIVE_COMPILATION_CONDITIONS = "DEBUG $(inherited)";
				SWIFT_OPTIMIZATION_LEVEL = "-Onone";
			};
			name = Debug;
		};
		98D0AD0D2B288160005F2F46 /* Release */ = {
			isa = XCBuildConfiguration;
			buildSettings = {
				ALWAYS_SEARCH_USER_PATHS = NO;
				ASSETCATALOG_COMPILER_GENERATE_SWIFT_ASSET_SYMBOL_EXTENSIONS = YES;
				CLANG_ANALYZER_NONNULL = YES;
				CLANG_ANALYZER_NUMBER_OBJECT_CONVERSION = YES_AGGRESSIVE;
				CLANG_CXX_LANGUAGE_STANDARD = "gnu++20";
				CLANG_ENABLE_MODULES = YES;
				CLANG_ENABLE_OBJC_ARC = YES;
				CLANG_ENABLE_OBJC_WEAK = YES;
				CLANG_WARN_BLOCK_CAPTURE_AUTORELEASING = YES;
				CLANG_WARN_BOOL_CONVERSION = YES;
				CLANG_WARN_COMMA = YES;
				CLANG_WARN_CONSTANT_CONVERSION = YES;
				CLANG_WARN_DEPRECATED_OBJC_IMPLEMENTATIONS = YES;
				CLANG_WARN_DIRECT_OBJC_ISA_USAGE = YES_ERROR;
				CLANG_WARN_DOCUMENTATION_COMMENTS = YES;
				CLANG_WARN_EMPTY_BODY = YES;
				CLANG_WARN_ENUM_CONVERSION = YES;
				CLANG_WARN_INFINITE_RECURSION = YES;
				CLANG_WARN_INT_CONVERSION = YES;
				CLANG_WARN_NON_LITERAL_NULL_CONVERSION = YES;
				CLANG_WARN_OBJC_IMPLICIT_RETAIN_SELF = YES;
				CLANG_WARN_OBJC_LITERAL_CONVERSION = YES;
				CLANG_WARN_OBJC_ROOT_CLASS = YES_ERROR;
				CLANG_WARN_QUOTED_INCLUDE_IN_FRAMEWORK_HEADER = YES;
				CLANG_WARN_RANGE_LOOP_ANALYSIS = YES;
				CLANG_WARN_STRICT_PROTOTYPES = YES;
				CLANG_WARN_SUSPICIOUS_MOVE = YES;
				CLANG_WARN_UNGUARDED_AVAILABILITY = YES_AGGRESSIVE;
				CLANG_WARN_UNREACHABLE_CODE = YES;
				CLANG_WARN__DUPLICATE_METHOD_MATCH = YES;
				COPY_PHASE_STRIP = NO;
				DEBUG_INFORMATION_FORMAT = "dwarf-with-dsym";
				ENABLE_NS_ASSERTIONS = NO;
				ENABLE_STRICT_OBJC_MSGSEND = YES;
				ENABLE_USER_SCRIPT_SANDBOXING = YES;
				GCC_C_LANGUAGE_STANDARD = gnu17;
				GCC_NO_COMMON_BLOCKS = YES;
				GCC_WARN_64_TO_32_BIT_CONVERSION = YES;
				GCC_WARN_ABOUT_RETURN_TYPE = YES_ERROR;
				GCC_WARN_UNDECLARED_SELECTOR = YES;
				GCC_WARN_UNINITIALIZED_AUTOS = YES_AGGRESSIVE;
				GCC_WARN_UNUSED_FUNCTION = YES;
				GCC_WARN_UNUSED_VARIABLE = YES;
				IPHONEOS_DEPLOYMENT_TARGET = 17.0;
				LOCALIZATION_PREFERS_STRING_CATALOGS = YES;
				MTL_ENABLE_DEBUG_INFO = NO;
				MTL_FAST_MATH = YES;
				SDKROOT = iphoneos;
				SWIFT_COMPILATION_MODE = wholemodule;
				VALIDATE_PRODUCT = YES;
			};
			name = Release;
		};
		98D0AD0F2B288160005F2F46 /* Debug */ = {
			isa = XCBuildConfiguration;
			buildSettings = {
				ASSETCATALOG_COMPILER_APPICON_NAME = AppIcon;
				ASSETCATALOG_COMPILER_GLOBAL_ACCENT_COLOR_NAME = AccentColor;
				CODE_SIGN_STYLE = Automatic;
				CURRENT_PROJECT_VERSION = 1;
				DEVELOPMENT_ASSET_PATHS = "\"AirbnbClone/Preview Content\"";
				DEVELOPMENT_TEAM = 27HDH8K57R;
				ENABLE_PREVIEWS = YES;
				GENERATE_INFOPLIST_FILE = YES;
				INFOPLIST_KEY_UIApplicationSceneManifest_Generation = YES;
				INFOPLIST_KEY_UIApplicationSupportsIndirectInputEvents = YES;
				INFOPLIST_KEY_UILaunchScreen_Generation = YES;
				INFOPLIST_KEY_UISupportedInterfaceOrientations_iPad = "UIInterfaceOrientationPortrait UIInterfaceOrientationPortraitUpsideDown UIInterfaceOrientationLandscapeLeft UIInterfaceOrientationLandscapeRight";
				INFOPLIST_KEY_UISupportedInterfaceOrientations_iPhone = "UIInterfaceOrientationPortrait UIInterfaceOrientationLandscapeLeft UIInterfaceOrientationLandscapeRight";
				LD_RUNPATH_SEARCH_PATHS = (
					"$(inherited)",
					"@executable_path/Frameworks",
				);
				MARKETING_VERSION = 1.0;
				PRODUCT_BUNDLE_IDENTIFIER = com.NisanurKorkmaz.AirbnbClone;
				PRODUCT_NAME = "$(TARGET_NAME)";
				SWIFT_EMIT_LOC_STRINGS = YES;
				SWIFT_VERSION = 5.0;
				TARGETED_DEVICE_FAMILY = "1,2";
			};
			name = Debug;
		};
		98D0AD102B288160005F2F46 /* Release */ = {
			isa = XCBuildConfiguration;
			buildSettings = {
				ASSETCATALOG_COMPILER_APPICON_NAME = AppIcon;
				ASSETCATALOG_COMPILER_GLOBAL_ACCENT_COLOR_NAME = AccentColor;
				CODE_SIGN_STYLE = Automatic;
				CURRENT_PROJECT_VERSION = 1;
				DEVELOPMENT_ASSET_PATHS = "\"AirbnbClone/Preview Content\"";
				DEVELOPMENT_TEAM = 27HDH8K57R;
				ENABLE_PREVIEWS = YES;
				GENERATE_INFOPLIST_FILE = YES;
				INFOPLIST_KEY_UIApplicationSceneManifest_Generation = YES;
				INFOPLIST_KEY_UIApplicationSupportsIndirectInputEvents = YES;
				INFOPLIST_KEY_UILaunchScreen_Generation = YES;
				INFOPLIST_KEY_UISupportedInterfaceOrientations_iPad = "UIInterfaceOrientationPortrait UIInterfaceOrientationPortraitUpsideDown UIInterfaceOrientationLandscapeLeft UIInterfaceOrientationLandscapeRight";
				INFOPLIST_KEY_UISupportedInterfaceOrientations_iPhone = "UIInterfaceOrientationPortrait UIInterfaceOrientationLandscapeLeft UIInterfaceOrientationLandscapeRight";
				LD_RUNPATH_SEARCH_PATHS = (
					"$(inherited)",
					"@executable_path/Frameworks",
				);
				MARKETING_VERSION = 1.0;
				PRODUCT_BUNDLE_IDENTIFIER = com.NisanurKorkmaz.AirbnbClone;
				PRODUCT_NAME = "$(TARGET_NAME)";
				SWIFT_EMIT_LOC_STRINGS = YES;
				SWIFT_VERSION = 5.0;
				TARGETED_DEVICE_FAMILY = "1,2";
			};
			name = Release;
		};
/* End XCBuildConfiguration section */

/* Begin XCConfigurationList section */
		98D0ACFB2B28815E005F2F46 /* Build configuration list for PBXProject "AirbnbClone" */ = {
			isa = XCConfigurationList;
			buildConfigurations = (
				98D0AD0C2B288160005F2F46 /* Debug */,
				98D0AD0D2B288160005F2F46 /* Release */,
			);
			defaultConfigurationIsVisible = 0;
			defaultConfigurationName = Release;
		};
		98D0AD0E2B288160005F2F46 /* Build configuration list for PBXNativeTarget "AirbnbClone" */ = {
			isa = XCConfigurationList;
			buildConfigurations = (
				98D0AD0F2B288160005F2F46 /* Debug */,
				98D0AD102B288160005F2F46 /* Release */,
			);
			defaultConfigurationIsVisible = 0;
			defaultConfigurationName = Release;
		};
/* End XCConfigurationList section */
	};
	rootObject = 98D0ACF82B28815E005F2F46 /* Project object */;
}
